{
  "requires": true,
  "lockfileVersion": 1,
  "dependencies": {
    "odometer": {
      "version": "0.4.8",
      "resolved": "https://registry.npmjs.org/odometer/-/odometer-0.4.8.tgz",
      "integrity": "sha1-L2cDv0xrOEwngjbQTUvIFxq+Q3Q="
    },
    "v-odometer": {
      "version": "2.0.1",
      "resolved": "https://registry.npmjs.org/v-odometer/-/v-odometer-2.0.1.tgz",
      "integrity": "sha512-9OCdWYPtZY4F+zIRP96IEhBdV5ipkDAj3IOgbG8AmYqblnkm8EhPEV9gs56PSWwZTPKU0wBqWfTruWnGT/g2iA==",
      "requires": {
        "odometer": "^0.4.8"
      }
    }
  }
}
