{
  "requires": true,
  "lockfileVersion": 1,
  "dependencies": {
    "vue-google-oauth2": {
      "version": "1.5.5",
      "resolved": "https://registry.npmjs.org/vue-google-oauth2/-/vue-google-oauth2-1.5.5.tgz",
      "integrity": "sha512-5+sH+bcaxbH1rWJeMOC7SljFNLvthdssF5nXmt7S+WeDOAsnZgsh/0BLf4YmkiVIiaFnBKc70nhwir83zF4vEg=="
    }
  }
}
